PODS:
  - CCMPopup (1.1.0)
  - SCrypto (3.0.2)

DEPENDENCIES:
  - CCMPopup
  - SCrypto

SPEC REPOS:
  https://github.com/CocoaPods/Specs.git:
    - CCMPopup
    - SCrypto

SPEC CHECKSUMS:
  CCMPopup: e41fad5b8a0823c9cddea8eab6d431670c9dabe5
  SCrypto: 9cbc2fdf1e1ef0f28aa32e26e5460ccee59da4c1

PODFILE CHECKSUM: 85ca586ab1c52c306afa87d05ec241ec2c0df64d

COCOAPODS: 1.5.0
